
Microsoft Visual Studio Solution File, Format Version 12.00
# Visual Studio 2017
Project("{FAE04EC0-301F-11D3-BF4B-00C04F79EFBC}") = "FlappBird3D", "FlappBird3D.csproj", "{D1D8FA61-0B51-BF70-5369-876DA1EC8BB1}"
EndProject
Project("{FAE04EC0-301F-11D3-BF4B-00C04F79EFBC}") = "FlappBird3D.Editor", "FlappBird3D.Editor.csproj", "{AF82B70F-3C15-AB9B-84E1-668E52E19E29}"
EndProject
Project("{FAE04EC0-301F-11D3-BF4B-00C04F79EFBC}") = "FlappBird3D.Editor", "FlappBird3D.Editor.csproj", "{AF82B70F-3C15-AB9B-84E1-668E52E19E29}"
EndProject
Global
	GlobalSection(SolutionConfigurationPlatforms) = preSolution
		Debug|Any CPU = Debug|Any CPU
		Release|Any CPU = Release|Any CPU
	EndGlobalSection
	GlobalSection(ProjectConfigurationPlatforms) = postSolution
		{D1D8FA61-0B51-BF70-5369-876DA1EC8BB1}.Debug|Any CPU.ActiveCfg = Debug|Any CPU
		{D1D8FA61-0B51-BF70-5369-876DA1EC8BB1}.Debug|Any CPU.Build.0 = Debug|Any CPU
		{D1D8FA61-0B51-BF70-5369-876DA1EC8BB1}.Release|Any CPU.ActiveCfg = Release|Any CPU
		{D1D8FA61-0B51-BF70-5369-876DA1EC8BB1}.Release|Any CPU.Build.0 = Release|Any CPU
		{AF82B70F-3C15-AB9B-84E1-668E52E19E29}.Debug|Any CPU.ActiveCfg = Debug|Any CPU
		{AF82B70F-3C15-AB9B-84E1-668E52E19E29}.Debug|Any CPU.Build.0 = Debug|Any CPU
		{AF82B70F-3C15-AB9B-84E1-668E52E19E29}.Release|Any CPU.ActiveCfg = Release|Any CPU
		{AF82B70F-3C15-AB9B-84E1-668E52E19E29}.Release|Any CPU.Build.0 = Release|Any CPU
		{AF82B70F-3C15-AB9B-84E1-668E52E19E29}.Debug|Any CPU.ActiveCfg = Debug|Any CPU
		{AF82B70F-3C15-AB9B-84E1-668E52E19E29}.Debug|Any CPU.Build.0 = Debug|Any CPU
		{AF82B70F-3C15-AB9B-84E1-668E52E19E29}.Release|Any CPU.ActiveCfg = Release|Any CPU
		{AF82B70F-3C15-AB9B-84E1-668E52E19E29}.Release|Any CPU.Build.0 = Release|Any CPU
	EndGlobalSection
	GlobalSection(SolutionProperties) = preSolution
		HideSolutionNode = FALSE
	EndGlobalSection
EndGlobal
